
Microsoft Visual Studio Solution File, Format Version 12.00
# Visual Studio Version 16
VisualStudioVersion = 16.0.31702.278
MinimumVisualStudioVersion = 10.0.40219.1
Project("{9A19103F-16F7-4668-BE54-9A1E7A4F7556}") = "App", "ConsoleApp2\App.csproj", "{A270B1AD-45B8-46EC-8DDB-BE76977947BC}"
EndProject
Project("{9A19103F-16F7-4668-BE54-9A1E7A4F7556}") = "Plugins.MyService", "ClassLibrary1\Plugins.MyService.csproj", "{F464D059-20F9-4577-9F70-1A2FE460B380}"
EndProject
Project("{9A19103F-16F7-4668-BE54-9A1E7A4F7556}") = "Plugins", "Plugins\Plugins.csproj", "{E7813292-A62A-4719-8DFA-194FE3D7C881}"
EndProject
Global
	GlobalSection(SolutionConfigurationPlatforms) = preSolution
		Debug|Any CPU = Debug|Any CPU
		Release|Any CPU = Release|Any CPU
	EndGlobalSection
	GlobalSection(ProjectConfigurationPlatforms) = postSolution
		{A270B1AD-45B8-46EC-8DDB-BE76977947BC}.Debug|Any CPU.ActiveCfg = Debug|Any CPU
		{A270B1AD-45B8-46EC-8DDB-BE76977947BC}.Debug|Any CPU.Build.0 = Debug|Any CPU
		{A270B1AD-45B8-46EC-8DDB-BE76977947BC}.Release|Any CPU.ActiveCfg = Release|Any CPU
		{A270B1AD-45B8-46EC-8DDB-BE76977947BC}.Release|Any CPU.Build.0 = Release|Any CPU
		{F464D059-20F9-4577-9F70-1A2FE460B380}.Debug|Any CPU.ActiveCfg = Debug|Any CPU
		{F464D059-20F9-4577-9F70-1A2FE460B380}.Debug|Any CPU.Build.0 = Debug|Any CPU
		{F464D059-20F9-4577-9F70-1A2FE460B380}.Release|Any CPU.ActiveCfg = Release|Any CPU
		{F464D059-20F9-4577-9F70-1A2FE460B380}.Release|Any CPU.Build.0 = Release|Any CPU
		{E7813292-A62A-4719-8DFA-194FE3D7C881}.Debug|Any CPU.ActiveCfg = Debug|Any CPU
		{E7813292-A62A-4719-8DFA-194FE3D7C881}.Debug|Any CPU.Build.0 = Debug|Any CPU
		{E7813292-A62A-4719-8DFA-194FE3D7C881}.Release|Any CPU.ActiveCfg = Release|Any CPU
		{E7813292-A62A-4719-8DFA-194FE3D7C881}.Release|Any CPU.Build.0 = Release|Any CPU
	EndGlobalSection
	GlobalSection(SolutionProperties) = preSolution
		HideSolutionNode = FALSE
	EndGlobalSection
	GlobalSection(ExtensibilityGlobals) = postSolution
		SolutionGuid = {DCD45402-DED5-41F4-9BCB-0A712E2A2576}
	EndGlobalSection
EndGlobal
